
Microsoft Visual Studio Solution File, Format Version 12.00
# Visual Studio 15
VisualStudioVersion = 15.0.28307.1062
MinimumVisualStudioVersion = 10.0.40219.1
Project("{FAE04EC0-301F-11D3-BF4B-00C04F79EFBC}") = "Service.Common", "Service.Common\Service.Common.csproj", "{633AA9BE-1B0A-44C6-9506-3F74FBB45EEE}"
EndProject
Global
	GlobalSection(SolutionConfigurationPlatforms) = preSolution
		Debug|Any CPU = Debug|Any CPU
		Release|Any CPU = Release|Any CPU
	EndGlobalSection
	GlobalSection(ProjectConfigurationPlatforms) = postSolution
		{633AA9BE-1B0A-44C6-9506-3F74FBB45EEE}.Debug|Any CPU.ActiveCfg = Debug|Any CPU
		{633AA9BE-1B0A-44C6-9506-3F74FBB45EEE}.Debug|Any CPU.Build.0 = Debug|Any CPU
		{633AA9BE-1B0A-44C6-9506-3F74FBB45EEE}.Release|Any CPU.ActiveCfg = Release|Any CPU
		{633AA9BE-1B0A-44C6-9506-3F74FBB45EEE}.Release|Any CPU.Build.0 = Release|Any CPU
	EndGlobalSection
	GlobalSection(SolutionProperties) = preSolution
		HideSolutionNode = FALSE
	EndGlobalSection
	GlobalSection(ExtensibilityGlobals) = postSolution
		SolutionGuid = {FE97F574-49AB-4E69-8F58-17576ED378E6}
	EndGlobalSection
EndGlobal
